
Microsoft Visual Studio Solution File, Format Version 11.00
# Visual Studio 2010
Project("{FAE04EC0-301F-11D3-BF4B-00C04F79EFBC}") = "Assembly-CSharp", "Assembly-CSharp.csproj", "{8B28862F-83DA-EB9D-4D11-990A637119E9}"
EndProject
Project("{FAE04EC0-301F-11D3-BF4B-00C04F79EFBC}") = "Assembly-CSharp-Editor", "Assembly-CSharp-Editor.csproj", "{DD59F45D-651B-B7AF-84EB-53BBD9C1A795}"
EndProject
Global
	GlobalSection(SolutionConfigurationPlatforms) = preSolution
		Debug|Any CPU = Debug|Any CPU
		Release|Any CPU = Release|Any CPU
	EndGlobalSection
	GlobalSection(ProjectConfigurationPlatforms) = postSolution
		{8B28862F-83DA-EB9D-4D11-990A637119E9}.Debug|Any CPU.ActiveCfg = Debug|Any CPU
		{8B28862F-83DA-EB9D-4D11-990A637119E9}.Debug|Any CPU.Build.0 = Debug|Any CPU
		{8B28862F-83DA-EB9D-4D11-990A637119E9}.Release|Any CPU.ActiveCfg = Release|Any CPU
		{8B28862F-83DA-EB9D-4D11-990A637119E9}.Release|Any CPU.Build.0 = Release|Any CPU
		{DD59F45D-651B-B7AF-84EB-53BBD9C1A795}.Debug|Any CPU.ActiveCfg = Debug|Any CPU
		{DD59F45D-651B-B7AF-84EB-53BBD9C1A795}.Debug|Any CPU.Build.0 = Debug|Any CPU
		{DD59F45D-651B-B7AF-84EB-53BBD9C1A795}.Release|Any CPU.ActiveCfg = Release|Any CPU
		{DD59F45D-651B-B7AF-84EB-53BBD9C1A795}.Release|Any CPU.Build.0 = Release|Any CPU
	EndGlobalSection
	GlobalSection(SolutionProperties) = preSolution
		HideSolutionNode = FALSE
	EndGlobalSection
	GlobalSection(MonoDevelopProperties) = preSolution
		StartupItem = Assembly-CSharp.csproj
	EndGlobalSection
EndGlobal
